
Microsoft Visual Studio Solution File, Format Version 12.00
# Visual Studio Version 18
VisualStudioVersion = 18.5.11723.231 stable
MinimumVisualStudioVersion = 10.0.40219.1
Project("{FAE04EC0-301F-11D3-BF4B-00C04F79EFBC}") = "ICOGenerator", "ICOGenerator.csproj", "{B62BFBD9-1A19-AFEA-CB98-18F4EED2197B}"
EndProject
Global
	GlobalSection(SolutionConfigurationPlatforms) = preSolution
		Debug|Any CPU = Debug|Any CPU
		Release|Any CPU = Release|Any CPU
	EndGlobalSection
	GlobalSection(ProjectConfigurationPlatforms) = postSolution
		{B62BFBD9-1A19-AFEA-CB98-18F4EED2197B}.Debug|Any CPU.ActiveCfg = Debug|Any CPU
		{B62BFBD9-1A19-AFEA-CB98-18F4EED2197B}.Debug|Any CPU.Build.0 = Debug|Any CPU
		{B62BFBD9-1A19-AFEA-CB98-18F4EED2197B}.Release|Any CPU.ActiveCfg = Release|Any CPU
		{B62BFBD9-1A19-AFEA-CB98-18F4EED2197B}.Release|Any CPU.Build.0 = Release|Any CPU
	EndGlobalSection
	GlobalSection(SolutionProperties) = preSolution
		HideSolutionNode = FALSE
	EndGlobalSection
	GlobalSection(ExtensibilityGlobals) = postSolution
		SolutionGuid = {CBE0EB02-947E-4B60-ADF5-1F0CAFD0F59C}
	EndGlobalSection
EndGlobal
